
Microsoft Visual Studio Solution File, Format Version 12.00
# Visual Studio Version 17
VisualStudioVersion = 17.0.32112.339
MinimumVisualStudioVersion = 10.0.40219.1
Project("{F184B08F-C81C-45F6-A57F-5ABD9991F28F}") = "MyInjectorAgent", "MyInjectorAgent.vbproj", "{1A031A37-6EF6-45D3-BFEE-724E20EC6E17}"
EndProject
Global
	GlobalSection(SolutionConfigurationPlatforms) = preSolution
		Debug|Any CPU = Debug|Any CPU
		Release|Any CPU = Release|Any CPU
	EndGlobalSection
	GlobalSection(ProjectConfigurationPlatforms) = postSolution
		{1A031A37-6EF6-45D3-BFEE-724E20EC6E17}.Debug|Any CPU.ActiveCfg = Debug|Any CPU
		{1A031A37-6EF6-45D3-BFEE-724E20EC6E17}.Debug|Any CPU.Build.0 = Debug|Any CPU
		{1A031A37-6EF6-45D3-BFEE-724E20EC6E17}.Release|Any CPU.ActiveCfg = Release|Any CPU
		{1A031A37-6EF6-45D3-BFEE-724E20EC6E17}.Release|Any CPU.Build.0 = Release|Any CPU
	EndGlobalSection
	GlobalSection(SolutionProperties) = preSolution
		HideSolutionNode = FALSE
	EndGlobalSection
	GlobalSection(ExtensibilityGlobals) = postSolution
		SolutionGuid = {08972B17-478B-46D6-A359-F6F831825E1A}
	EndGlobalSection
EndGlobal
